PODS:
  - Bolts (1.1.4)
  - Kiwi (2.3.1)
  - Parse (1.7.1):
    - Bolts (~> 1.1)
  - VENVersionTracker (0.1.1)

DEPENDENCIES:
  - Kiwi (~> 2.3)
  - Parse
  - VENVersionTracker

SPEC CHECKSUMS:
  Bolts: f8e2f94edbf9fec7bb8de5ecaaa3aa6b7de6f64e
  Kiwi: f038a6c61f7a9e4d7766bff5717aa3b3fdb75f55
  Parse: fa8ec29de6d82035635986c11946299fb1b38316
  VENVersionTracker: 5f1244d7038d5475b718bf179ff9124ac161d584

COCOAPODS: 0.36.0
